
Microsoft Visual Studio Solution File, Format Version 12.00
# Visual Studio Version 17
VisualStudioVersion = 17.7.34031.279
MinimumVisualStudioVersion = 10.0.40219.1
Project("{FAE04EC0-301F-11D3-BF4B-00C04F79EFBC}") = "Lab0", "Lab0\Lab0.csproj", "{DA10113D-2028-4B20-82EB-5D335984CD11}"
EndProject
Global
	GlobalSection(SolutionConfigurationPlatforms) = preSolution
		Debug|Any CPU = Debug|Any CPU
		Release|Any CPU = Release|Any CPU
	EndGlobalSection
	GlobalSection(ProjectConfigurationPlatforms) = postSolution
		{DA10113D-2028-4B20-82EB-5D335984CD11}.Debug|Any CPU.ActiveCfg = Debug|Any CPU
		{DA10113D-2028-4B20-82EB-5D335984CD11}.Debug|Any CPU.Build.0 = Debug|Any CPU
		{DA10113D-2028-4B20-82EB-5D335984CD11}.Release|Any CPU.ActiveCfg = Release|Any CPU
		{DA10113D-2028-4B20-82EB-5D335984CD11}.Release|Any CPU.Build.0 = Release|Any CPU
	EndGlobalSection
	GlobalSection(SolutionProperties) = preSolution
		HideSolutionNode = FALSE
	EndGlobalSection
	GlobalSection(ExtensibilityGlobals) = postSolution
		SolutionGuid = {065EA992-5195-4F0B-862C-FC57F047CDF9}
	EndGlobalSection
EndGlobal
